
Microsoft Visual Studio Solution File, Format Version 10.00
# Visual Studio 2008
Project("{FAE04EC0-301F-11D3-BF4B-00C04F79EFBC}") = "DllLocate", "DllLocate.csproj", "{46DFA801-4F8E-4C5A-891B-3BD7675AABE6}"
EndProject
Project("{FAE04EC0-301F-11D3-BF4B-00C04F79EFBC}") = "DllUtility", "..\DllUtility\DllUtility.csproj", "{3B206FFB-9905-4F2B-B169-76BBA2C06542}"
EndProject
Global
	GlobalSection(SolutionConfigurationPlatforms) = preSolution
		Debug|Any CPU = Debug|Any CPU
		Release|Any CPU = Release|Any CPU
	EndGlobalSection
	GlobalSection(ProjectConfigurationPlatforms) = postSolution
		{46DFA801-4F8E-4C5A-891B-3BD7675AABE6}.Debug|Any CPU.ActiveCfg = Debug|Any CPU
		{46DFA801-4F8E-4C5A-891B-3BD7675AABE6}.Debug|Any CPU.Build.0 = Debug|Any CPU
		{46DFA801-4F8E-4C5A-891B-3BD7675AABE6}.Release|Any CPU.ActiveCfg = Release|Any CPU
		{46DFA801-4F8E-4C5A-891B-3BD7675AABE6}.Release|Any CPU.Build.0 = Release|Any CPU
		{3B206FFB-9905-4F2B-B169-76BBA2C06542}.Debug|Any CPU.ActiveCfg = Debug|Any CPU
		{3B206FFB-9905-4F2B-B169-76BBA2C06542}.Debug|Any CPU.Build.0 = Debug|Any CPU
		{3B206FFB-9905-4F2B-B169-76BBA2C06542}.Release|Any CPU.ActiveCfg = Release|Any CPU
		{3B206FFB-9905-4F2B-B169-76BBA2C06542}.Release|Any CPU.Build.0 = Release|Any CPU
	EndGlobalSection
	GlobalSection(SolutionProperties) = preSolution
		HideSolutionNode = FALSE
	EndGlobalSection
EndGlobal
